{
  "lockfileVersion": 1,
  "workspaces": {
    "": {
      "name": "streamock",
      "dependencies": {
        "commander": "^11.1.0",
      },
      "devDependencies": {
        "@types/node": "^20.11.0",
        "bun-types": "latest",
        "typescript": "^5.3.3",
      },
    },
  },
  "packages": {
    "@types/node": ["@types/node@20.17.19", "https://registry.npmmirror.com/@types/node/-/node-20.17.19.tgz", { "dependencies": { "undici-types": "~6.19.2" } }, "sha512-LEwC7o1ifqg/6r2gn9Dns0f1rhK+fPFDoMiceTJ6kWmVk6bgXBI/9IOWfVan4WiAavK9pIVWdX0/e3J+eEUh5A=="],

    "@types/ws": ["@types/ws@8.5.14", "https://registry.npmmirror.com/@types/ws/-/ws-8.5.14.tgz", { "dependencies": { "@types/node": "*" } }, "sha512-bd/YFLW+URhBzMXurx7lWByOu+xzU9+kb3RboOteXYDfW+tr+JZa99OyNmPINEGB/ahzKrEuc8rcv4gnpJmxTw=="],

    "bun-types": ["bun-types@1.2.2", "https://registry.npmmirror.com/bun-types/-/bun-types-1.2.2.tgz", { "dependencies": { "@types/node": "*", "@types/ws": "~8.5.10" } }, "sha512-RCbMH5elr9gjgDGDhkTTugA21XtJAy/9jkKe/G3WR2q17VPGhcquf9Sir6uay9iW+7P/BV0CAHA1XlHXMAVKHg=="],

    "commander": ["commander@11.1.0", "https://registry.npmmirror.com/commander/-/commander-11.1.0.tgz", {}, "sha512-yPVavfyCcRhmorC7rWlkHn15b4wDVgVmBA7kV4QVBsF7kv/9TKJAbAXVTxvTnwP8HHKjRCJDClKbciiYS7p0DQ=="],

    "typescript": ["typescript@5.7.3", "https://registry.npmmirror.com/typescript/-/typescript-5.7.3.tgz", { "bin": { "tsc": "bin/tsc", "tsserver": "bin/tsserver" } }, "sha512-84MVSjMEHP+FQRPy3pX9sTVV/INIex71s9TL2Gm5FG/WG1SqXeKyZ0k7/blY/4FdOzI12CBy1vGc4og/eus0fw=="],

    "undici-types": ["undici-types@6.19.8", "https://registry.npmmirror.com/undici-types/-/undici-types-6.19.8.tgz", {}, "sha512-ve2KP6f/JnbPBFyobGHuerC9g1FYGn/F8n1LWTwNxCEzd6IfqTwUQcNXgEtmmQ6DlRrC1hrSrBnCZPokRrDHjw=="],
  }
}
