{
  "lockfileVersion": 1,
  "workspaces": {
    "": {
      "name": "streamock",
      "dependencies": {
        "commander": "^11.1.0",
        "inversify": "^6.2.2",
        "reflect-metadata": "^0.2.2",
      },
      "devDependencies": {
        "@types/node": "^20.11.0",
        "bun-types": "latest",
        "typescript": "^5.3.3",
      },
    },
  },
  "packages": {
    "@inversifyjs/common": ["@inversifyjs/common@1.4.0", "https://registry.npmmirror.com/@inversifyjs/common/-/common-1.4.0.tgz", {}, "sha512-qfRJ/3iOlCL/VfJq8+4o5X4oA14cZSBbpAmHsYj8EsIit1xDndoOl0xKOyglKtQD4u4gdNVxMHx4RWARk/I4QA=="],

    "@inversifyjs/core": ["@inversifyjs/core@1.3.5", "https://registry.npmmirror.com/@inversifyjs/core/-/core-1.3.5.tgz", { "dependencies": { "@inversifyjs/common": "1.4.0", "@inversifyjs/reflect-metadata-utils": "0.2.4" } }, "sha512-B4MFXabhNTAmrfgB+yeD6wd/GIvmvWC6IQ8Rh/j2C3Ix69kmqwz9pr8Jt3E+Nho9aEHOQCZaGmrALgtqRd+oEQ=="],

    "@inversifyjs/reflect-metadata-utils": ["@inversifyjs/reflect-metadata-utils@0.2.4", "https://registry.npmmirror.com/@inversifyjs/reflect-metadata-utils/-/reflect-metadata-utils-0.2.4.tgz", { "peerDependencies": { "reflect-metadata": "0.2.2" } }, "sha512-u95rV3lKfG+NT2Uy/5vNzoDujos8vN8O18SSA5UyhxsGYd4GLQn/eUsGXfOsfa7m34eKrDelTKRUX1m/BcNX5w=="],

    "@types/node": ["@types/node@20.17.19", "https://registry.npmmirror.com/@types/node/-/node-20.17.19.tgz", { "dependencies": { "undici-types": "~6.19.2" } }, "sha512-LEwC7o1ifqg/6r2gn9Dns0f1rhK+fPFDoMiceTJ6kWmVk6bgXBI/9IOWfVan4WiAavK9pIVWdX0/e3J+eEUh5A=="],

    "@types/ws": ["@types/ws@8.5.14", "https://registry.npmmirror.com/@types/ws/-/ws-8.5.14.tgz", { "dependencies": { "@types/node": "*" } }, "sha512-bd/YFLW+URhBzMXurx7lWByOu+xzU9+kb3RboOteXYDfW+tr+JZa99OyNmPINEGB/ahzKrEuc8rcv4gnpJmxTw=="],

    "bun-types": ["bun-types@1.2.2", "https://registry.npmmirror.com/bun-types/-/bun-types-1.2.2.tgz", { "dependencies": { "@types/node": "*", "@types/ws": "~8.5.10" } }, "sha512-RCbMH5elr9gjgDGDhkTTugA21XtJAy/9jkKe/G3WR2q17VPGhcquf9Sir6uay9iW+7P/BV0CAHA1XlHXMAVKHg=="],

    "commander": ["commander@11.1.0", "https://registry.npmmirror.com/commander/-/commander-11.1.0.tgz", {}, "sha512-yPVavfyCcRhmorC7rWlkHn15b4wDVgVmBA7kV4QVBsF7kv/9TKJAbAXVTxvTnwP8HHKjRCJDClKbciiYS7p0DQ=="],

    "inversify": ["inversify@6.2.2", "https://registry.npmmirror.com/inversify/-/inversify-6.2.2.tgz", { "dependencies": { "@inversifyjs/common": "1.4.0", "@inversifyjs/core": "1.3.5" }, "peerDependencies": { "reflect-metadata": "~0.2.2" } }, "sha512-KB836KHbZ9WrUnB8ax5MtadOwnqQYa+ZJO3KWbPFgcr4RIEnHM621VaqFZzOZd9+U7ln6upt9n0wJei7x2BNqw=="],

    "reflect-metadata": ["reflect-metadata@0.2.2", "https://registry.npmmirror.com/reflect-metadata/-/reflect-metadata-0.2.2.tgz", {}, "sha512-urBwgfrvVP/eAyXx4hluJivBKzuEbSQs9rKWCrCkbSxNv8mxPcUZKeuoF3Uy4mJl3Lwprp6yy5/39VWigZ4K6Q=="],

    "typescript": ["typescript@5.7.3", "https://registry.npmmirror.com/typescript/-/typescript-5.7.3.tgz", { "bin": { "tsc": "bin/tsc", "tsserver": "bin/tsserver" } }, "sha512-84MVSjMEHP+FQRPy3pX9sTVV/INIex71s9TL2Gm5FG/WG1SqXeKyZ0k7/blY/4FdOzI12CBy1vGc4og/eus0fw=="],

    "undici-types": ["undici-types@6.19.8", "https://registry.npmmirror.com/undici-types/-/undici-types-6.19.8.tgz", {}, "sha512-ve2KP6f/JnbPBFyobGHuerC9g1FYGn/F8n1LWTwNxCEzd6IfqTwUQcNXgEtmmQ6DlRrC1hrSrBnCZPokRrDHjw=="],
  }
}
